
Microsoft Visual Studio Solution File, Format Version 12.00
# Visual Studio Version 17
VisualStudioVersion = 17.5.33424.131
MinimumVisualStudioVersion = 10.0.40219.1
Project("{FAE04EC0-301F-11D3-BF4B-00C04F79EFBC}") = "WinHalcon", "WinHalcon.csproj", "{0CA719BC-1CC8-46C1-9C64-61ED927E7FFC}"
EndProject
Global
	GlobalSection(SolutionConfigurationPlatforms) = preSolution
		Debug|Any CPU = Debug|Any CPU
		Release|Any CPU = Release|Any CPU
	EndGlobalSection
	GlobalSection(ProjectConfigurationPlatforms) = postSolution
		{0CA719BC-1CC8-46C1-9C64-61ED927E7FFC}.Debug|Any CPU.ActiveCfg = Debug|Any CPU
		{0CA719BC-1CC8-46C1-9C64-61ED927E7FFC}.Debug|Any CPU.Build.0 = Debug|Any CPU
		{0CA719BC-1CC8-46C1-9C64-61ED927E7FFC}.Release|Any CPU.ActiveCfg = Release|Any CPU
		{0CA719BC-1CC8-46C1-9C64-61ED927E7FFC}.Release|Any CPU.Build.0 = Release|Any CPU
	EndGlobalSection
	GlobalSection(SolutionProperties) = preSolution
		HideSolutionNode = FALSE
	EndGlobalSection
	GlobalSection(ExtensibilityGlobals) = postSolution
		SolutionGuid = {CDBFFAC1-0959-4B0B-BF3C-8213EC6F9089}
	EndGlobalSection
EndGlobal
